// !$*UTF8*$!
{
	archiveVersion = 1;
	classes = {
	};
	objectVersion = 46;
	objects = {

/* Begin PBXBuildFile section */
		1A0692A01B12BD0700BB583C /* main.m in Sources */ = {isa = PBXBuildFile; fileRef = 1A06929F1B12BD0700BB583C /* main.m */; };
		1A0692A31B12BD0700BB583C /* SJMAppDelegate.m in Sources */ = {isa = PBXBuildFile; fileRef = 1A0692A21B12BD0700BB583C /* SJMAppDelegate.m */; };
		1A0692A61B12BD0700BB583C /* ViewController.m in Sources */ = {isa = PBXBuildFile; fileRef = 1A0692A51B12BD0700BB583C /* ViewController.m */; };
		1A0692AB1B12BD0700BB583C /* Images.xcassets in Resources */ = {isa = PBXBuildFile; fileRef = 1A0692AA1B12BD0700BB583C /* Images.xcassets */; };
		1A0692BA1B12BD0700BB583C /* SongJiangMemberTests.m in Sources */ = {isa = PBXBuildFile; fileRef = 1A0692B91B12BD0700BB583C /* SongJiangMemberTests.m */; };
		1A334CDC1B1DAABF009E766A /* MAErrorCodeManager.m in Sources */ = {isa = PBXBuildFile; fileRef = 1A334CDB1B1DAABF009E766A /* MAErrorCodeManager.m */; };
		1A5E99881B141D3800D2FA74 /* NSDictionary+MAPrestoClient.m in Sources */ = {isa = PBXBuildFile; fileRef = 1A5E99871B141D3800D2FA74 /* NSDictionary+MAPrestoClient.m */; };
		1A5E998F1B14511B00D2FA74 /* SJMAppLauncher.m in Sources */ = {isa = PBXBuildFile; fileRef = 1A5E998B1B14511B00D2FA74 /* SJMAppLauncher.m */; };
		1A5E99921B1451C600D2FA74 /* SJMAppLauncher+Dispatch.m in Sources */ = {isa = PBXBuildFile; fileRef = 1A5E99911B1451C600D2FA74 /* SJMAppLauncher+Dispatch.m */; };
		1A5E99951B14520C00D2FA74 /* SJMAppLauncher+Launch.m in Sources */ = {isa = PBXBuildFile; fileRef = 1A5E99941B14520C00D2FA74 /* SJMAppLauncher+Launch.m */; };
		1ADDD41A1B15B23300BF421A /* MAFileManager.m in Sources */ = {isa = PBXBuildFile; fileRef = 1ADDD4191B15B23300BF421A /* MAFileManager.m */; };
		1ADDD4261B18463200BF421A /* SJMExampleModel.m in Sources */ = {isa = PBXBuildFile; fileRef = 1ADDD4251B18463200BF421A /* SJMExampleModel.m */; };
		1ADDD4291B1848DA00BF421A /* SJMExampleUserModel.m in Sources */ = {isa = PBXBuildFile; fileRef = 1ADDD4281B1848DA00BF421A /* SJMExampleUserModel.m */; };
		1AF94E721B140CAD0052075B /* NSDate+Extra.m in Sources */ = {isa = PBXBuildFile; fileRef = 1AF94E151B140CAD0052075B /* NSDate+Extra.m */; };
		1AF94E731B140CAD0052075B /* NSObject+Extra.m in Sources */ = {isa = PBXBuildFile; fileRef = 1AF94E171B140CAD0052075B /* NSObject+Extra.m */; };
		1AF94E741B140CAD0052075B /* NSString+Extra.m in Sources */ = {isa = PBXBuildFile; fileRef = 1AF94E191B140CAD0052075B /* NSString+Extra.m */; };
		1AF94E751B140CAD0052075B /* UIBarButtonItem+Extra.m in Sources */ = {isa = PBXBuildFile; fileRef = 1AF94E1B1B140CAD0052075B /* UIBarButtonItem+Extra.m */; };
		1AF94E761B140CAD0052075B /* UIButton+Extra.m in Sources */ = {isa = PBXBuildFile; fileRef = 1AF94E1D1B140CAD0052075B /* UIButton+Extra.m */; };
		1AF94E771B140CAD0052075B /* UIColor+HexExtra.m in Sources */ = {isa = PBXBuildFile; fileRef = 1AF94E1F1B140CAD0052075B /* UIColor+HexExtra.m */; };
		1AF94E781B140CAD0052075B /* UIControl+Extra.m in Sources */ = {isa = PBXBuildFile; fileRef = 1AF94E211B140CAD0052075B /* UIControl+Extra.m */; };
		1AF94E791B140CAD0052075B /* UIFont+Extra.m in Sources */ = {isa = PBXBuildFile; fileRef = 1AF94E231B140CAD0052075B /* UIFont+Extra.m */; };
		1AF94E7A1B140CAD0052075B /* UIImage+Extra.m in Sources */ = {isa = PBXBuildFile; fileRef = 1AF94E251B140CAD0052075B /* UIImage+Extra.m */; };
		1AF94E7B1B140CAD0052075B /* UIImageView+Extra.m in Sources */ = {isa = PBXBuildFile; fileRef = 1AF94E271B140CAD0052075B /* UIImageView+Extra.m */; };
		1AF94E7C1B140CAD0052075B /* UINavigationController+Extra.m in Sources */ = {isa = PBXBuildFile; fileRef = 1AF94E291B140CAD0052075B /* UINavigationController+Extra.m */; };
		1AF94E7D1B140CAD0052075B /* UITabBarController+Extra.m in Sources */ = {isa = PBXBuildFile; fileRef = 1AF94E2B1B140CAD0052075B /* UITabBarController+Extra.m */; };
		1AF94E7E1B140CAD0052075B /* UITextField+Extra.m in Sources */ = {isa = PBXBuildFile; fileRef = 1AF94E2D1B140CAD0052075B /* UITextField+Extra.m */; };
		1AF94E7F1B140CAD0052075B /* UIView+Extra.m in Sources */ = {isa = PBXBuildFile; fileRef = 1AF94E2F1B140CAD0052075B /* UIView+Extra.m */; };
		1AF94E801B140CAD0052075B /* UIViewController+Extra.m in Sources */ = {isa = PBXBuildFile; fileRef = 1AF94E311B140CAD0052075B /* UIViewController+Extra.m */; };
		1AF94E811B140CAD0052075B /* UIWebView+Extra.m in Sources */ = {isa = PBXBuildFile; fileRef = 1AF94E331B140CAD0052075B /* UIWebView+Extra.m */; };
		1AF94E821B140CAD0052075B /* MACameraController.m in Sources */ = {isa = PBXBuildFile; fileRef = 1AF94E381B140CAD0052075B /* MACameraController.m */; };
		1AF94E831B140CAD0052075B /* MACameraDecorateManager.m in Sources */ = {isa = PBXBuildFile; fileRef = 1AF94E3A1B140CAD0052075B /* MACameraDecorateManager.m */; };
		1AF94E841B140CAD0052075B /* MACameraEncoder.m in Sources */ = {isa = PBXBuildFile; fileRef = 1AF94E3C1B140CAD0052075B /* MACameraEncoder.m */; };
		1AF94E851B140CAD0052075B /* MACameraManager+AuthorizationExtra.m in Sources */ = {isa = PBXBuildFile; fileRef = 1AF94E3E1B140CAD0052075B /* MACameraManager+AuthorizationExtra.m */; };
		1AF94E861B140CAD0052075B /* MACameraManager+FlashModeExtra.m in Sources */ = {isa = PBXBuildFile; fileRef = 1AF94E401B140CAD0052075B /* MACameraManager+FlashModeExtra.m */; };
		1AF94E871B140CAD0052075B /* MACameraManager+FocusIntrestPointExtra.m in Sources */ = {isa = PBXBuildFile; fileRef = 1AF94E421B140CAD0052075B /* MACameraManager+FocusIntrestPointExtra.m */; };
		1AF94E881B140CAD0052075B /* MACameraManager.m in Sources */ = {isa = PBXBuildFile; fileRef = 1AF94E441B140CAD0052075B /* MACameraManager.m */; };
		1AF94E891B140CAD0052075B /* MACameraView.m in Sources */ = {isa = PBXBuildFile; fileRef = 1AF94E461B140CAD0052075B /* MACameraView.m */; };
		1AF94E8A1B140CAD0052075B /* MADataSourceMaker.m in Sources */ = {isa = PBXBuildFile; fileRef = 1AF94E491B140CAD0052075B /* MADataSourceMaker.m */; };
		1AF94E8B1B140CAD0052075B /* MAListViewController.m in Sources */ = {isa = PBXBuildFile; fileRef = 1AF94E4B1B140CAD0052075B /* MAListViewController.m */; };
		1AF94E8C1B140CAD0052075B /* MANavigationController.m in Sources */ = {isa = PBXBuildFile; fileRef = 1AF94E4D1B140CAD0052075B /* MANavigationController.m */; };
		1AF94E8D1B140CAD0052075B /* MATabbarController.m in Sources */ = {isa = PBXBuildFile; fileRef = 1AF94E4F1B140CAD0052075B /* MATabbarController.m */; };
		1AF94E8E1B140CAD0052075B /* MAViewController.m in Sources */ = {isa = PBXBuildFile; fileRef = 1AF94E511B140CAD0052075B /* MAViewController.m */; };
		1AF94E8F1B140CAD0052075B /* NSBundle+MAExtra.m in Sources */ = {isa = PBXBuildFile; fileRef = 1AF94E541B140CAD0052075B /* NSBundle+MAExtra.m */; };
		1AF94E901B140CAD0052075B /* UIImage+MAExtra.m in Sources */ = {isa = PBXBuildFile; fileRef = 1AF94E561B140CAD0052075B /* UIImage+MAExtra.m */; };
		1AF94E911B140CAD0052075B /* MAStrokedLine.m in Sources */ = {isa = PBXBuildFile; fileRef = 1AF94E591B140CAD0052075B /* MAStrokedLine.m */; };
		1AF94E921B140CAD0052075B /* MABundleManager.m in Sources */ = {isa = PBXBuildFile; fileRef = 1AF94E5C1B140CAD0052075B /* MABundleManager.m */; };
		1AF94E931B140CAD0052075B /* MAColorManager.m in Sources */ = {isa = PBXBuildFile; fileRef = 1AF94E5E1B140CAD0052075B /* MAColorManager.m */; };
		1AF94E941B140CAD0052075B /* MAZonesManager.m in Sources */ = {isa = PBXBuildFile; fileRef = 1AF94E601B140CAD0052075B /* MAZonesManager.m */; };
		1AF94E951B140CAD0052075B /* MumaDefault.bundle in Resources */ = {isa = PBXBuildFile; fileRef = 1AF94E621B140CAD0052075B /* MumaDefault.bundle */; };
		1AF94E961B140CAD0052075B /* MAError.m in Sources */ = {isa = PBXBuildFile; fileRef = 1AF94E661B140CAD0052075B /* MAError.m */; };
		1AF94E971B140CAD0052075B /* MAHttpClient.m in Sources */ = {isa = PBXBuildFile; fileRef = 1AF94E681B140CAD0052075B /* MAHttpClient.m */; };
		1AF94E981B140CAD0052075B /* MAModel.m in Sources */ = {isa = PBXBuildFile; fileRef = 1AF94E6A1B140CAD0052075B /* MAModel.m */; };
		1AF94E991B140CAD0052075B /* MAObject.m in Sources */ = {isa = PBXBuildFile; fileRef = 1AF94E6C1B140CAD0052075B /* MAObject.m */; };
		1AF94E9A1B140CAD0052075B /* MAPrestoClient.m in Sources */ = {isa = PBXBuildFile; fileRef = 1AF94E6E1B140CAD0052075B /* MAPrestoClient.m */; };
		321EC64B1B1C309F00071FA0 /* SJMChche.m in Sources */ = {isa = PBXBuildFile; fileRef = 321EC64A1B1C309F00071FA0 /* SJMChche.m */; };
		321EC64E1B1C381800071FA0 /* MAPrestoClient+SChche.m in Sources */ = {isa = PBXBuildFile; fileRef = 321EC64D1B1C381800071FA0 /* MAPrestoClient+SChche.m */; };
		321EC6511B1C3D1800071FA0 /* SJMChcheManager.m in Sources */ = {isa = PBXBuildFile; fileRef = 321EC6501B1C3D1800071FA0 /* SJMChcheManager.m */; };
		32D38FC81B1446D400962436 /* MAPrestoClient+Account.m in Sources */ = {isa = PBXBuildFile; fileRef = 32D38FC71B1446D400962436 /* MAPrestoClient+Account.m */; };
		32D38FCF1B145EAD00962436 /* MAPrestoClient+Trade.m in Sources */ = {isa = PBXBuildFile; fileRef = 32D38FCE1B145EAD00962436 /* MAPrestoClient+Trade.m */; };
		32D38FD21B1462EE00962436 /* MAPrestoClient+School.m in Sources */ = {isa = PBXBuildFile; fileRef = 32D38FD11B1462EE00962436 /* MAPrestoClient+School.m */; };
		32D38FD51B146C1400962436 /* MAPrestoClient+Bank.m in Sources */ = {isa = PBXBuildFile; fileRef = 32D38FD41B146C1400962436 /* MAPrestoClient+Bank.m */; };
		32D38FD81B14722E00962436 /* MAPrestoClient+Bill.m in Sources */ = {isa = PBXBuildFile; fileRef = 32D38FD71B14722E00962436 /* MAPrestoClient+Bill.m */; };
		32D38FDB1B1475E000962436 /* MAPrestoClient+Shop.m in Sources */ = {isa = PBXBuildFile; fileRef = 32D38FDA1B1475E000962436 /* MAPrestoClient+Shop.m */; };
		32D38FE11B147ED500962436 /* MAPrestoClient+Chat.m in Sources */ = {isa = PBXBuildFile; fileRef = 32D38FE01B147ED500962436 /* MAPrestoClient+Chat.m */; };
		9637E076379BDA027CAC4B34 /* libPods-SongJiangMember.a in Frameworks */ = {isa = PBXBuildFile; fileRef = 80D0E794A3A8FACF869DFF05 /* libPods-SongJiangMember.a */; };
/* End PBXBuildFile section */

/* Begin PBXContainerItemProxy section */
		1A0692B41B12BD0700BB583C /* PBXContainerItemProxy */ = {
			isa = PBXContainerItemProxy;
			containerPortal = 1A0692921B12BD0700BB583C /* Project object */;
			proxyType = 1;
			remoteGlobalIDString = 1A0692991B12BD0700BB583C;
			remoteInfo = SongJiangMember;
		};
/* End PBXContainerItemProxy section */

/* Begin PBXFileReference section */
		1A06929A1B12BD0700BB583C /* SongJiangMember.app */ = {isa = PBXFileReference; explicitFileType = wrapper.application; includeInIndex = 0; path = SongJiangMember.app; sourceTree = BUILT_PRODUCTS_DIR; };
		1A06929E1B12BD0700BB583C /* Info.plist */ = {isa = PBXFileReference; lastKnownFileType = text.plist.xml; path = Info.plist; sourceTree = "<group>"; };
		1A06929F1B12BD0700BB583C /* main.m */ = {isa = PBXFileReference; lastKnownFileType = sourcecode.c.objc; path = main.m; sourceTree = "<group>"; };
		1A0692A11B12BD0700BB583C /* SJMAppDelegate.h */ = {isa = PBXFileReference; lastKnownFileType = sourcecode.c.h; name = SJMAppDelegate.h; path = ../SJMAppDelegate.h; sourceTree = "<group>"; };
		1A0692A21B12BD0700BB583C /* SJMAppDelegate.m */ = {isa = PBXFileReference; lastKnownFileType = sourcecode.c.objc; name = SJMAppDelegate.m; path = ../SJMAppDelegate.m; sourceTree = "<group>"; };
		1A0692A41B12BD0700BB583C /* ViewController.h */ = {isa = PBXFileReference; lastKnownFileType = sourcecode.c.h; path = ViewController.h; sourceTree = "<group>"; };
		1A0692A51B12BD0700BB583C /* ViewController.m */ = {isa = PBXFileReference; lastKnownFileType = sourcecode.c.objc; path = ViewController.m; sourceTree = "<group>"; };
		1A0692AA1B12BD0700BB583C /* Images.xcassets */ = {isa = PBXFileReference; lastKnownFileType = folder.assetcatalog; path = Images.xcassets; sourceTree = "<group>"; };
		1A0692B31B12BD0700BB583C /* SongJiangMemberTests.xctest */ = {isa = PBXFileReference; explicitFileType = wrapper.cfbundle; includeInIndex = 0; path = SongJiangMemberTests.xctest; sourceTree = BUILT_PRODUCTS_DIR; };
		1A0692B81B12BD0700BB583C /* Info.plist */ = {isa = PBXFileReference; lastKnownFileType = text.plist.xml; path = Info.plist; sourceTree = "<group>"; };
		1A0692B91B12BD0700BB583C /* SongJiangMemberTests.m */ = {isa = PBXFileReference; lastKnownFileType = sourcecode.c.objc; path = SongJiangMemberTests.m; sourceTree = "<group>"; };
		1A334CDA1B1DAABF009E766A /* MAErrorCodeManager.h */ = {isa = PBXFileReference; fileEncoding = 4; lastKnownFileType = sourcecode.c.h; path = MAErrorCodeManager.h; sourceTree = "<group>"; };
		1A334CDB1B1DAABF009E766A /* MAErrorCodeManager.m */ = {isa = PBXFileReference; fileEncoding = 4; lastKnownFileType = sourcecode.c.objc; path = MAErrorCodeManager.m; sourceTree = "<group>"; };
		1A5E99861B141D3800D2FA74 /* NSDictionary+MAPrestoClient.h */ = {isa = PBXFileReference; fileEncoding = 4; lastKnownFileType = sourcecode.c.h; path = "NSDictionary+MAPrestoClient.h"; sourceTree = "<group>"; };
		1A5E99871B141D3800D2FA74 /* NSDictionary+MAPrestoClient.m */ = {isa = PBXFileReference; fileEncoding = 4; lastKnownFileType = sourcecode.c.objc; path = "NSDictionary+MAPrestoClient.m"; sourceTree = "<group>"; };
		1A5E998A1B14511B00D2FA74 /* SJMAppLauncher.h */ = {isa = PBXFileReference; fileEncoding = 4; lastKnownFileType = sourcecode.c.h; path = SJMAppLauncher.h; sourceTree = "<group>"; };
		1A5E998B1B14511B00D2FA74 /* SJMAppLauncher.m */ = {isa = PBXFileReference; fileEncoding = 4; lastKnownFileType = sourcecode.c.objc; path = SJMAppLauncher.m; sourceTree = "<group>"; };
		1A5E998E1B14511B00D2FA74 /* SJMAppSettingData.h */ = {isa = PBXFileReference; fileEncoding = 4; lastKnownFileType = sourcecode.c.h; path = SJMAppSettingData.h; sourceTree = "<group>"; };
		1A5E99911B1451C600D2FA74 /* SJMAppLauncher+Dispatch.m */ = {isa = PBXFileReference; fileEncoding = 4; lastKnownFileType = sourcecode.c.objc; path = "SJMAppLauncher+Dispatch.m"; sourceTree = "<group>"; };
		1A5E99941B14520C00D2FA74 /* SJMAppLauncher+Launch.m */ = {isa = PBXFileReference; fileEncoding = 4; lastKnownFileType = sourcecode.c.objc; path = "SJMAppLauncher+Launch.m"; sourceTree = "<group>"; };
		1ADDD4181B15B23300BF421A /* MAFileManager.h */ = {isa = PBXFileReference; fileEncoding = 4; lastKnownFileType = sourcecode.c.h; path = MAFileManager.h; sourceTree = "<group>"; };
		1ADDD4191B15B23300BF421A /* MAFileManager.m */ = {isa = PBXFileReference; fileEncoding = 4; lastKnownFileType = sourcecode.c.objc; path = MAFileManager.m; sourceTree = "<group>"; };
		1ADDD4241B18463200BF421A /* SJMExampleModel.h */ = {isa = PBXFileReference; fileEncoding = 4; lastKnownFileType = sourcecode.c.h; path = SJMExampleModel.h; sourceTree = "<group>"; };
		1ADDD4251B18463200BF421A /* SJMExampleModel.m */ = {isa = PBXFileReference; fileEncoding = 4; lastKnownFileType = sourcecode.c.objc; path = SJMExampleModel.m; sourceTree = "<group>"; };
		1ADDD4271B1848DA00BF421A /* SJMExampleUserModel.h */ = {isa = PBXFileReference; fileEncoding = 4; lastKnownFileType = sourcecode.c.h; path = SJMExampleUserModel.h; sourceTree = "<group>"; };
		1ADDD4281B1848DA00BF421A /* SJMExampleUserModel.m */ = {isa = PBXFileReference; fileEncoding = 4; lastKnownFileType = sourcecode.c.objc; path = SJMExampleUserModel.m; sourceTree = "<group>"; };
		1AF94E141B140CAD0052075B /* NSDate+Extra.h */ = {isa = PBXFileReference; fileEncoding = 4; lastKnownFileType = sourcecode.c.h; path = "NSDate+Extra.h"; sourceTree = "<group>"; };
		1AF94E151B140CAD0052075B /* NSDate+Extra.m */ = {isa = PBXFileReference; fileEncoding = 4; lastKnownFileType = sourcecode.c.objc; path = "NSDate+Extra.m"; sourceTree = "<group>"; };
		1AF94E161B140CAD0052075B /* NSObject+Extra.h */ = {isa = PBXFileReference; fileEncoding = 4; lastKnownFileType = sourcecode.c.h; path = "NSObject+Extra.h"; sourceTree = "<group>"; };
		1AF94E171B140CAD0052075B /* NSObject+Extra.m */ = {isa = PBXFileReference; fileEncoding = 4; lastKnownFileType = sourcecode.c.objc; path = "NSObject+Extra.m"; sourceTree = "<group>"; };
		1AF94E181B140CAD0052075B /* NSString+Extra.h */ = {isa = PBXFileReference; fileEncoding = 4; lastKnownFileType = sourcecode.c.h; path = "NSString+Extra.h"; sourceTree = "<group>"; };
		1AF94E191B140CAD0052075B /* NSString+Extra.m */ = {isa = PBXFileReference; fileEncoding = 4; lastKnownFileType = sourcecode.c.objc; path = "NSString+Extra.m"; sourceTree = "<group>"; };
		1AF94E1A1B140CAD0052075B /* UIBarButtonItem+Extra.h */ = {isa = PBXFileReference; fileEncoding = 4; lastKnownFileType = sourcecode.c.h; path = "UIBarButtonItem+Extra.h"; sourceTree = "<group>"; };
		1AF94E1B1B140CAD0052075B /* UIBarButtonItem+Extra.m */ = {isa = PBXFileReference; fileEncoding = 4; lastKnownFileType = sourcecode.c.objc; path = "UIBarButtonItem+Extra.m"; sourceTree = "<group>"; };
		1AF94E1C1B140CAD0052075B /* UIButton+Extra.h */ = {isa = PBXFileReference; fileEncoding = 4; lastKnownFileType = sourcecode.c.h; path = "UIButton+Extra.h"; sourceTree = "<group>"; };
		1AF94E1D1B140CAD0052075B /* UIButton+Extra.m */ = {isa = PBXFileReference; fileEncoding = 4; lastKnownFileType = sourcecode.c.objc; path = "UIButton+Extra.m"; sourceTree = "<group>"; };
		1AF94E1E1B140CAD0052075B /* UIColor+HexExtra.h */ = {isa = PBXFileReference; fileEncoding = 4; lastKnownFileType = sourcecode.c.h; path = "UIColor+HexExtra.h"; sourceTree = "<group>"; };
		1AF94E1F1B140CAD0052075B /* UIColor+HexExtra.m */ = {isa = PBXFileReference; fileEncoding = 4; lastKnownFileType = sourcecode.c.objc; path = "UIColor+HexExtra.m"; sourceTree = "<group>"; };
		1AF94E201B140CAD0052075B /* UIControl+Extra.h */ = {isa = PBXFileReference; fileEncoding = 4; lastKnownFileType = sourcecode.c.h; path = "UIControl+Extra.h"; sourceTree = "<group>"; };
		1AF94E211B140CAD0052075B /* UIControl+Extra.m */ = {isa = PBXFileReference; fileEncoding = 4; lastKnownFileType = sourcecode.c.objc; path = "UIControl+Extra.m"; sourceTree = "<group>"; };
		1AF94E221B140CAD0052075B /* UIFont+Extra.h */ = {isa = PBXFileReference; fileEncoding = 4; lastKnownFileType = sourcecode.c.h; path = "UIFont+Extra.h"; sourceTree = "<group>"; };
		1AF94E231B140CAD0052075B /* UIFont+Extra.m */ = {isa = PBXFileReference; fileEncoding = 4; lastKnownFileType = sourcecode.c.objc; path = "UIFont+Extra.m"; sourceTree = "<group>"; };
		1AF94E241B140CAD0052075B /* UIImage+Extra.h */ = {isa = PBXFileReference; fileEncoding = 4; lastKnownFileType = sourcecode.c.h; path = "UIImage+Extra.h"; sourceTree = "<group>"; };
		1AF94E251B140CAD0052075B /* UIImage+Extra.m */ = {isa = PBXFileReference; fileEncoding = 4; lastKnownFileType = sourcecode.c.objc; path = "UIImage+Extra.m"; sourceTree = "<group>"; };
		1AF94E261B140CAD0052075B /* UIImageView+Extra.h */ = {isa = PBXFileReference; fileEncoding = 4; lastKnownFileType = sourcecode.c.h; path = "UIImageView+Extra.h"; sourceTree = "<group>"; };
		1AF94E271B140CAD0052075B /* UIImageView+Extra.m */ = {isa = PBXFileReference; fileEncoding = 4; lastKnownFileType = sourcecode.c.objc; path = "UIImageView+Extra.m"; sourceTree = "<group>"; };
		1AF94E281B140CAD0052075B /* UINavigationController+Extra.h */ = {isa = PBXFileReference; fileEncoding = 4; lastKnownFileType = sourcecode.c.h; path = "UINavigationController+Extra.h"; sourceTree = "<group>"; };
		1AF94E291B140CAD0052075B /* UINavigationController+Extra.m */ = {isa = PBXFileReference; fileEncoding = 4; lastKnownFileType = sourcecode.c.objc; path = "UINavigationController+Extra.m"; sourceTree = "<group>"; };
		1AF94E2A1B140CAD0052075B /* UITabBarController+Extra.h */ = {isa = PBXFileReference; fileEncoding = 4; lastKnownFileType = sourcecode.c.h; path = "UITabBarController+Extra.h"; sourceTree = "<group>"; };
		1AF94E2B1B140CAD0052075B /* UITabBarController+Extra.m */ = {isa = PBXFileReference; fileEncoding = 4; lastKnownFileType = sourcecode.c.objc; path = "UITabBarController+Extra.m"; sourceTree = "<group>"; };
		1AF94E2C1B140CAD0052075B /* UITextField+Extra.h */ = {isa = PBXFileReference; fileEncoding = 4; lastKnownFileType = sourcecode.c.h; path = "UITextField+Extra.h"; sourceTree = "<group>"; };
		1AF94E2D1B140CAD0052075B /* UITextField+Extra.m */ = {isa = PBXFileReference; fileEncoding = 4; lastKnownFileType = sourcecode.c.objc; path = "UITextField+Extra.m"; sourceTree = "<group>"; };
		1AF94E2E1B140CAD0052075B /* UIView+Extra.h */ = {isa = PBXFileReference; fileEncoding = 4; lastKnownFileType = sourcecode.c.h; path = "UIView+Extra.h"; sourceTree = "<group>"; };
		1AF94E2F1B140CAD0052075B /* UIView+Extra.m */ = {isa = PBXFileReference; fileEncoding = 4; lastKnownFileType = sourcecode.c.objc; path = "UIView+Extra.m"; sourceTree = "<group>"; };
		1AF94E301B140CAD0052075B /* UIViewController+Extra.h */ = {isa = PBXFileReference; fileEncoding = 4; lastKnownFileType = sourcecode.c.h; path = "UIViewController+Extra.h"; sourceTree = "<group>"; };
		1AF94E311B140CAD0052075B /* UIViewController+Extra.m */ = {isa = PBXFileReference; fileEncoding = 4; lastKnownFileType = sourcecode.c.objc; path = "UIViewController+Extra.m"; sourceTree = "<group>"; };
		1AF94E321B140CAD0052075B /* UIWebView+Extra.h */ = {isa = PBXFileReference; fileEncoding = 4; lastKnownFileType = sourcecode.c.h; path = "UIWebView+Extra.h"; sourceTree = "<group>"; };
		1AF94E331B140CAD0052075B /* UIWebView+Extra.m */ = {isa = PBXFileReference; fileEncoding = 4; lastKnownFileType = sourcecode.c.objc; path = "UIWebView+Extra.m"; sourceTree = "<group>"; };
		1AF94E341B140CAD0052075B /* YGExtra.h */ = {isa = PBXFileReference; fileEncoding = 4; lastKnownFileType = sourcecode.c.h; path = YGExtra.h; sourceTree = "<group>"; };
		1AF94E371B140CAD0052075B /* MACameraController.h */ = {isa = PBXFileReference; fileEncoding = 4; lastKnownFileType = sourcecode.c.h; path = MACameraController.h; sourceTree = "<group>"; };
		1AF94E381B140CAD0052075B /* MACameraController.m */ = {isa = PBXFileReference; fileEncoding = 4; lastKnownFileType = sourcecode.c.objc; path = MACameraController.m; sourceTree = "<group>"; };
		1AF94E391B140CAD0052075B /* MACameraDecorateManager.h */ = {isa = PBXFileReference; fileEncoding = 4; lastKnownFileType = sourcecode.c.h; path = MACameraDecorateManager.h; sourceTree = "<group>"; };
		1AF94E3A1B140CAD0052075B /* MACameraDecorateManager.m */ = {isa = PBXFileReference; fileEncoding = 4; lastKnownFileType = sourcecode.c.objc; path = MACameraDecorateManager.m; sourceTree = "<group>"; };
		1AF94E3B1B140CAD0052075B /* MACameraEncoder.h */ = {isa = PBXFileReference; fileEncoding = 4; lastKnownFileType = sourcecode.c.h; path = MACameraEncoder.h; sourceTree = "<group>"; };
		1AF94E3C1B140CAD0052075B /* MACameraEncoder.m */ = {isa = PBXFileReference; fileEncoding = 4; lastKnownFileType = sourcecode.c.objc; path = MACameraEncoder.m; sourceTree = "<group>"; };
		1AF94E3D1B140CAD0052075B /* MACameraManager+AuthorizationExtra.h */ = {isa = PBXFileReference; fileEncoding = 4; lastKnownFileType = sourcecode.c.h; path = "MACameraManager+AuthorizationExtra.h"; sourceTree = "<group>"; };
		1AF94E3E1B140CAD0052075B /* MACameraManager+AuthorizationExtra.m */ = {isa = PBXFileReference; fileEncoding = 4; lastKnownFileType = sourcecode.c.objc; path = "MACameraManager+AuthorizationExtra.m"; sourceTree = "<group>"; };
		1AF94E3F1B140CAD0052075B /* MACameraManager+FlashModeExtra.h */ = {isa = PBXFileReference; fileEncoding = 4; lastKnownFileType = sourcecode.c.h; path = "MACameraManager+FlashModeExtra.h"; sourceTree = "<group>"; };
		1AF94E401B140CAD0052075B /* MACameraManager+FlashModeExtra.m */ = {isa = PBXFileReference; fileEncoding = 4; lastKnownFileType = sourcecode.c.objc; path = "MACameraManager+FlashModeExtra.m"; sourceTree = "<group>"; };
		1AF94E411B140CAD0052075B /* MACameraManager+FocusIntrestPointExtra.h */ = {isa = PBXFileReference; fileEncoding = 4; lastKnownFileType = sourcecode.c.h; path = "MACameraManager+FocusIntrestPointExtra.h"; sourceTree = "<group>"; };
		1AF94E421B140CAD0052075B /* MACameraManager+FocusIntrestPointExtra.m */ = {isa = PBXFileReference; fileEncoding = 4; lastKnownFileType = sourcecode.c.objc; path = "MACameraManager+FocusIntrestPointExtra.m"; sourceTree = "<group>"; };
		1AF94E431B140CAD0052075B /* MACameraManager.h */ = {isa = PBXFileReference; fileEncoding = 4; lastKnownFileType = sourcecode.c.h; path = MACameraManager.h; sourceTree = "<group>"; };
		1AF94E441B140CAD0052075B /* MACameraManager.m */ = {isa = PBXFileReference; fileEncoding = 4; lastKnownFileType = sourcecode.c.objc; path = MACameraManager.m; sourceTree = "<group>"; };
		1AF94E451B140CAD0052075B /* MACameraView.h */ = {isa = PBXFileReference; fileEncoding = 4; lastKnownFileType = sourcecode.c.h; path = MACameraView.h; sourceTree = "<group>"; };
		1AF94E461B140CAD0052075B /* MACameraView.m */ = {isa = PBXFileReference; fileEncoding = 4; lastKnownFileType = sourcecode.c.objc; path = MACameraView.m; sourceTree = "<group>"; };
		1AF94E481B140CAD0052075B /* MADataSourceMaker.h */ = {isa = PBXFileReference; fileEncoding = 4; lastKnownFileType = sourcecode.c.h; path = MADataSourceMaker.h; sourceTree = "<group>"; };
		1AF94E491B140CAD0052075B /* MADataSourceMaker.m */ = {isa = PBXFileReference; fileEncoding = 4; lastKnownFileType = sourcecode.c.objc; path = MADataSourceMaker.m; sourceTree = "<group>"; };
		1AF94E4A1B140CAD0052075B /* MAListViewController.h */ = {isa = PBXFileReference; fileEncoding = 4; lastKnownFileType = sourcecode.c.h; path = MAListViewController.h; sourceTree = "<group>"; };
		1AF94E4B1B140CAD0052075B /* MAListViewController.m */ = {isa = PBXFileReference; fileEncoding = 4; lastKnownFileType = sourcecode.c.objc; path = MAListViewController.m; sourceTree = "<group>"; };
		1AF94E4C1B140CAD0052075B /* MANavigationController.h */ = {isa = PBXFileReference; fileEncoding = 4; lastKnownFileType = sourcecode.c.h; path = MANavigationController.h; sourceTree = "<group>"; };
		1AF94E4D1B140CAD0052075B /* MANavigationController.m */ = {isa = PBXFileReference; fileEncoding = 4; lastKnownFileType = sourcecode.c.objc; path = MANavigationController.m; sourceTree = "<group>"; };
		1AF94E4E1B140CAD0052075B /* MATabbarController.h */ = {isa = PBXFileReference; fileEncoding = 4; lastKnownFileType = sourcecode.c.h; path = MATabbarController.h; sourceTree = "<group>"; };
		1AF94E4F1B140CAD0052075B /* MATabbarController.m */ = {isa = PBXFileReference; fileEncoding = 4; lastKnownFileType = sourcecode.c.objc; path = MATabbarController.m; sourceTree = "<group>"; };
		1AF94E501B140CAD0052075B /* MAViewController.h */ = {isa = PBXFileReference; fileEncoding = 4; lastKnownFileType = sourcecode.c.h; path = MAViewController.h; sourceTree = "<group>"; };
		1AF94E511B140CAD0052075B /* MAViewController.m */ = {isa = PBXFileReference; fileEncoding = 4; lastKnownFileType = sourcecode.c.objc; path = MAViewController.m; sourceTree = "<group>"; };
		1AF94E531B140CAD0052075B /* NSBundle+MAExtra.h */ = {isa = PBXFileReference; fileEncoding = 4; lastKnownFileType = sourcecode.c.h; path = "NSBundle+MAExtra.h"; sourceTree = "<group>"; };
		1AF94E541B140CAD0052075B /* NSBundle+MAExtra.m */ = {isa = PBXFileReference; fileEncoding = 4; lastKnownFileType = sourcecode.c.objc; path = "NSBundle+MAExtra.m"; sourceTree = "<group>"; };
		1AF94E551B140CAD0052075B /* UIImage+MAExtra.h */ = {isa = PBXFileReference; fileEncoding = 4; lastKnownFileType = sourcecode.c.h; path = "UIImage+MAExtra.h"; sourceTree = "<group>"; };
		1AF94E561B140CAD0052075B /* UIImage+MAExtra.m */ = {isa = PBXFileReference; fileEncoding = 4; lastKnownFileType = sourcecode.c.objc; path = "UIImage+MAExtra.m"; sourceTree = "<group>"; };
		1AF94E581B140CAD0052075B /* MAStrokedLine.h */ = {isa = PBXFileReference; fileEncoding = 4; lastKnownFileType = sourcecode.c.h; path = MAStrokedLine.h; sourceTree = "<group>"; };
		1AF94E591B140CAD0052075B /* MAStrokedLine.m */ = {isa = PBXFileReference; fileEncoding = 4; lastKnownFileType = sourcecode.c.objc; path = MAStrokedLine.m; sourceTree = "<group>"; };
		1AF94E5B1B140CAD0052075B /* MABundleManager.h */ = {isa = PBXFileReference; fileEncoding = 4; lastKnownFileType = sourcecode.c.h; path = MABundleManager.h; sourceTree = "<group>"; };
		1AF94E5C1B140CAD0052075B /* MABundleManager.m */ = {isa = PBXFileReference; fileEncoding = 4; lastKnownFileType = sourcecode.c.objc; path = MABundleManager.m; sourceTree = "<group>"; };
		1AF94E5D1B140CAD0052075B /* MAColorManager.h */ = {isa = PBXFileReference; fileEncoding = 4; lastKnownFileType = sourcecode.c.h; path = MAColorManager.h; sourceTree = "<group>"; };
		1AF94E5E1B140CAD0052075B /* MAColorManager.m */ = {isa = PBXFileReference; fileEncoding = 4; lastKnownFileType = sourcecode.c.objc; path = MAColorManager.m; sourceTree = "<group>"; };
		1AF94E5F1B140CAD0052075B /* MAZonesManager.h */ = {isa = PBXFileReference; fileEncoding = 4; lastKnownFileType = sourcecode.c.h; path = MAZonesManager.h; sourceTree = "<group>"; };
		1AF94E601B140CAD0052075B /* MAZonesManager.m */ = {isa = PBXFileReference; fileEncoding = 4; lastKnownFileType = sourcecode.c.objc; path = MAZonesManager.m; sourceTree = "<group>"; };
		1AF94E611B140CAD0052075B /* Muma.h */ = {isa = PBXFileReference; fileEncoding = 4; lastKnownFileType = sourcecode.c.h; path = Muma.h; sourceTree = "<group>"; };
		1AF94E621B140CAD0052075B /* MumaDefault.bundle */ = {isa = PBXFileReference; lastKnownFileType = "wrapper.plug-in"; path = MumaDefault.bundle; sourceTree = "<group>"; };
		1AF94E631B140CAD0052075B /* MumaPrefix.h */ = {isa = PBXFileReference; fileEncoding = 4; lastKnownFileType = sourcecode.c.h; path = MumaPrefix.h; sourceTree = "<group>"; };
		1AF94E651B140CAD0052075B /* MAError.h */ = {isa = PBXFileReference; fileEncoding = 4; lastKnownFileType = sourcecode.c.h; path = MAError.h; sourceTree = "<group>"; };
		1AF94E661B140CAD0052075B /* MAError.m */ = {isa = PBXFileReference; fileEncoding = 4; lastKnownFileType = sourcecode.c.objc; path = MAError.m; sourceTree = "<group>"; };
		1AF94E671B140CAD0052075B /* MAHttpClient.h */ = {isa = PBXFileReference; fileEncoding = 4; lastKnownFileType = sourcecode.c.h; path = MAHttpClient.h; sourceTree = "<group>"; };
		1AF94E681B140CAD0052075B /* MAHttpClient.m */ = {isa = PBXFileReference; fileEncoding = 4; lastKnownFileType = sourcecode.c.objc; path = MAHttpClient.m; sourceTree = "<group>"; };
		1AF94E691B140CAD0052075B /* MAModel.h */ = {isa = PBXFileReference; fileEncoding = 4; lastKnownFileType = sourcecode.c.h; path = MAModel.h; sourceTree = "<group>"; };
		1AF94E6A1B140CAD0052075B /* MAModel.m */ = {isa = PBXFileReference; fileEncoding = 4; lastKnownFileType = sourcecode.c.objc; path = MAModel.m; sourceTree = "<group>"; };
		1AF94E6B1B140CAD0052075B /* MAObject.h */ = {isa = PBXFileReference; fileEncoding = 4; lastKnownFileType = sourcecode.c.h; path = MAObject.h; sourceTree = "<group>"; };
		1AF94E6C1B140CAD0052075B /* MAObject.m */ = {isa = PBXFileReference; fileEncoding = 4; lastKnownFileType = sourcecode.c.objc; path = MAObject.m; sourceTree = "<group>"; };
		1AF94E6D1B140CAD0052075B /* MAPrestoClient.h */ = {isa = PBXFileReference; fileEncoding = 4; lastKnownFileType = sourcecode.c.h; path = MAPrestoClient.h; sourceTree = "<group>"; };
		1AF94E6E1B140CAD0052075B /* MAPrestoClient.m */ = {isa = PBXFileReference; fileEncoding = 4; lastKnownFileType = sourcecode.c.objc; path = MAPrestoClient.m; sourceTree = "<group>"; };
		1AF94E9B1B140CFE0052075B /* SJMPrefixHeader.pch */ = {isa = PBXFileReference; lastKnownFileType = sourcecode.c.h; path = SJMPrefixHeader.pch; sourceTree = "<group>"; };
		1BAE6E8194B67F251F716D39 /* Pods-SongJiangMember.release.xcconfig */ = {isa = PBXFileReference; includeInIndex = 1; lastKnownFileType = text.xcconfig; name = "Pods-SongJiangMember.release.xcconfig"; path = "Pods/Target Support Files/Pods-SongJiangMember/Pods-SongJiangMember.release.xcconfig"; sourceTree = "<group>"; };
		321EC6491B1C309F00071FA0 /* SJMChche.h */ = {isa = PBXFileReference; fileEncoding = 4; lastKnownFileType = sourcecode.c.h; path = SJMChche.h; sourceTree = "<group>"; };
		321EC64A1B1C309F00071FA0 /* SJMChche.m */ = {isa = PBXFileReference; fileEncoding = 4; lastKnownFileType = sourcecode.c.objc; path = SJMChche.m; sourceTree = "<group>"; };
		321EC64C1B1C381800071FA0 /* MAPrestoClient+SChche.h */ = {isa = PBXFileReference; fileEncoding = 4; lastKnownFileType = sourcecode.c.h; path = "MAPrestoClient+SChche.h"; sourceTree = "<group>"; };
		321EC64D1B1C381800071FA0 /* MAPrestoClient+SChche.m */ = {isa = PBXFileReference; fileEncoding = 4; lastKnownFileType = sourcecode.c.objc; path = "MAPrestoClient+SChche.m"; sourceTree = "<group>"; };
		321EC64F1B1C3D1800071FA0 /* SJMChcheManager.h */ = {isa = PBXFileReference; fileEncoding = 4; lastKnownFileType = sourcecode.c.h; path = SJMChcheManager.h; sourceTree = "<group>"; };
		321EC6501B1C3D1800071FA0 /* SJMChcheManager.m */ = {isa = PBXFileReference; fileEncoding = 4; lastKnownFileType = sourcecode.c.objc; path = SJMChcheManager.m; sourceTree = "<group>"; };
		32D38FC61B1446D400962436 /* MAPrestoClient+Account.h */ = {isa = PBXFileReference; fileEncoding = 4; lastKnownFileType = sourcecode.c.h; name = "MAPrestoClient+Account.h"; path = "SJMExtension/Network/MAPrestoClient+Account.h"; sourceTree = "<group>"; };
		32D38FC71B1446D400962436 /* MAPrestoClient+Account.m */ = {isa = PBXFileReference; fileEncoding = 4; lastKnownFileType = sourcecode.c.objc; name = "MAPrestoClient+Account.m"; path = "SJMExtension/Network/MAPrestoClient+Account.m"; sourceTree = "<group>"; };
		32D38FC91B144B6700962436 /* SJMExtension.h */ = {isa = PBXFileReference; lastKnownFileType = sourcecode.c.h; path = SJMExtension.h; sourceTree = "<group>"; };
		32D38FCD1B145EAD00962436 /* MAPrestoClient+Trade.h */ = {isa = PBXFileReference; fileEncoding = 4; lastKnownFileType = sourcecode.c.h; path = "MAPrestoClient+Trade.h"; sourceTree = "<group>"; };
		32D38FCE1B145EAD00962436 /* MAPrestoClient+Trade.m */ = {isa = PBXFileReference; fileEncoding = 4; lastKnownFileType = sourcecode.c.objc; path = "MAPrestoClient+Trade.m"; sourceTree = "<group>"; };
		32D38FD01B1462EE00962436 /* MAPrestoClient+School.h */ = {isa = PBXFileReference; fileEncoding = 4; lastKnownFileType = sourcecode.c.h; path = "MAPrestoClient+School.h"; sourceTree = "<group>"; };
		32D38FD11B1462EE00962436 /* MAPrestoClient+School.m */ = {isa = PBXFileReference; fileEncoding = 4; lastKnownFileType = sourcecode.c.objc; path = "MAPrestoClient+School.m"; sourceTree = "<group>"; };
		32D38FD31B146C1400962436 /* MAPrestoClient+Bank.h */ = {isa = PBXFileReference; fileEncoding = 4; lastKnownFileType = sourcecode.c.h; path = "MAPrestoClient+Bank.h"; sourceTree = "<group>"; };
		32D38FD41B146C1400962436 /* MAPrestoClient+Bank.m */ = {isa = PBXFileReference; fileEncoding = 4; lastKnownFileType = sourcecode.c.objc; path = "MAPrestoClient+Bank.m"; sourceTree = "<group>"; };
		32D38FD61B14722E00962436 /* MAPrestoClient+Bill.h */ = {isa = PBXFileReference; fileEncoding = 4; lastKnownFileType = sourcecode.c.h; path = "MAPrestoClient+Bill.h"; sourceTree = "<group>"; };
		32D38FD71B14722E00962436 /* MAPrestoClient+Bill.m */ = {isa = PBXFileReference; fileEncoding = 4; lastKnownFileType = sourcecode.c.objc; path = "MAPrestoClient+Bill.m"; sourceTree = "<group>"; };
		32D38FD91B1475E000962436 /* MAPrestoClient+Shop.h */ = {isa = PBXFileReference; fileEncoding = 4; lastKnownFileType = sourcecode.c.h; path = "MAPrestoClient+Shop.h"; sourceTree = "<group>"; };
		32D38FDA1B1475E000962436 /* MAPrestoClient+Shop.m */ = {isa = PBXFileReference; fileEncoding = 4; lastKnownFileType = sourcecode.c.objc; path = "MAPrestoClient+Shop.m"; sourceTree = "<group>"; };
		32D38FDF1B147ED500962436 /* MAPrestoClient+Chat.h */ = {isa = PBXFileReference; fileEncoding = 4; lastKnownFileType = sourcecode.c.h; path = "MAPrestoClient+Chat.h"; sourceTree = "<group>"; };
		32D38FE01B147ED500962436 /* MAPrestoClient+Chat.m */ = {isa = PBXFileReference; fileEncoding = 4; lastKnownFileType = sourcecode.c.objc; path = "MAPrestoClient+Chat.m"; sourceTree = "<group>"; };
		80D0E794A3A8FACF869DFF05 /* libPods-SongJiangMember.a */ = {isa = PBXFileReference; explicitFileType = archive.ar; includeInIndex = 0; path = "libPods-SongJiangMember.a"; sourceTree = BUILT_PRODUCTS_DIR; };
		D0D0F3BC9AEFE0A74D9C1AE3 /* Pods-SongJiangMember.debug.xcconfig */ = {isa = PBXFileReference; includeInIndex = 1; lastKnownFileType = text.xcconfig; name = "Pods-SongJiangMember.debug.xcconfig"; path = "Pods/Target Support Files/Pods-SongJiangMember/Pods-SongJiangMember.debug.xcconfig"; sourceTree = "<group>"; };
/* End PBXFileReference section */

/* Begin PBXFrameworksBuildPhase section */
		1A0692971B12BD0700BB583C /* Frameworks */ = {
			isa = PBXFrameworksBuildPhase;
			buildActionMask = 2147483647;
			files = (
				9637E076379BDA027CAC4B34 /* libPods-SongJiangMember.a in Frameworks */,
			);
			runOnlyForDeploymentPostprocessing = 0;
		};
		1A0692B01B12BD0700BB583C /* Frameworks */ = {
			isa = PBXFrameworksBuildPhase;
			buildActionMask = 2147483647;
			files = (
			);
			runOnlyForDeploymentPostprocessing = 0;
		};
/* End PBXFrameworksBuildPhase section */

/* Begin PBXGroup section */
		1A0692911B12BD0700BB583C = {
			isa = PBXGroup;
			children = (
				1A06929C1B12BD0700BB583C /* SongJiangMember */,
				1A0692B61B12BD0700BB583C /* SongJiangMemberTests */,
				1A06929B1B12BD0700BB583C /* Products */,
				8240551F289CA65AD95162E8 /* Pods */,
				961B0778DE23368E83A1D177 /* Frameworks */,
			);
			sourceTree = "<group>";
		};
		1A06929B1B12BD0700BB583C /* Products */ = {
			isa = PBXGroup;
			children = (
				1A06929A1B12BD0700BB583C /* SongJiangMember.app */,
				1A0692B31B12BD0700BB583C /* SongJiangMemberTests.xctest */,
			);
			name = Products;
			sourceTree = "<group>";
		};
		1A06929C1B12BD0700BB583C /* SongJiangMember */ = {
			isa = PBXGroup;
			children = (
				32D38FC41B14462600962436 /* SJMExtension */,
				1AF94E111B140CAD0052075B /* App */,
				1AF94E6F1B140CAD0052075B /* Model */,
				1AF94E711B140CAD0052075B /* View */,
				1AF94E121B140CAD0052075B /* Controller */,
				321EC6481B1C304F00071FA0 /* Chche */,
				1AF94E131B140CAD0052075B /* Extension */,
				1AF94E351B140CAD0052075B /* Library */,
				1A0692A41B12BD0700BB583C /* ViewController.h */,
				1A0692A51B12BD0700BB583C /* ViewController.m */,
				1A0692AA1B12BD0700BB583C /* Images.xcassets */,
				1A06929D1B12BD0700BB583C /* Supporting Files */,
				1AF94E9B1B140CFE0052075B /* SJMPrefixHeader.pch */,
			);
			path = SongJiangMember;
			sourceTree = "<group>";
		};
		1A06929D1B12BD0700BB583C /* Supporting Files */ = {
			isa = PBXGroup;
			children = (
				1AF94E701B140CAD0052075B /* Resources */,
				1A06929E1B12BD0700BB583C /* Info.plist */,
				1A06929F1B12BD0700BB583C /* main.m */,
			);
			name = "Supporting Files";
			sourceTree = "<group>";
		};
		1A0692B61B12BD0700BB583C /* SongJiangMemberTests */ = {
			isa = PBXGroup;
			children = (
				1A0692B91B12BD0700BB583C /* SongJiangMemberTests.m */,
				1A0692B71B12BD0700BB583C /* Supporting Files */,
			);
			path = SongJiangMemberTests;
			sourceTree = "<group>";
		};
		1A0692B71B12BD0700BB583C /* Supporting Files */ = {
			isa = PBXGroup;
			children = (
				1A0692B81B12BD0700BB583C /* Info.plist */,
			);
			name = "Supporting Files";
			sourceTree = "<group>";
		};
		1A5E99891B14511B00D2FA74 /* AppLauncher */ = {
			isa = PBXGroup;
			children = (
				1A5E998A1B14511B00D2FA74 /* SJMAppLauncher.h */,
				1A5E998B1B14511B00D2FA74 /* SJMAppLauncher.m */,
				1A5E99911B1451C600D2FA74 /* SJMAppLauncher+Dispatch.m */,
				1A5E99941B14520C00D2FA74 /* SJMAppLauncher+Launch.m */,
			);
			path = AppLauncher;
			sourceTree = "<group>";
		};
		1A5E998C1B14511B00D2FA74 /* AppManager */ = {
			isa = PBXGroup;
			children = (
			);
			path = AppManager;
			sourceTree = "<group>";
		};
		1A5E998D1B14511B00D2FA74 /* AppSettings */ = {
			isa = PBXGroup;
			children = (
				1A5E998E1B14511B00D2FA74 /* SJMAppSettingData.h */,
			);
			path = AppSettings;
			sourceTree = "<group>";
		};
		1AF94E111B140CAD0052075B /* App */ = {
			isa = PBXGroup;
			children = (
				1A0692A11B12BD0700BB583C /* SJMAppDelegate.h */,
				1A0692A21B12BD0700BB583C /* SJMAppDelegate.m */,
				1A5E99891B14511B00D2FA74 /* AppLauncher */,
				1A5E998C1B14511B00D2FA74 /* AppManager */,
				1A5E998D1B14511B00D2FA74 /* AppSettings */,
			);
			path = App;
			sourceTree = "<group>";
		};
		1AF94E121B140CAD0052075B /* Controller */ = {
			isa = PBXGroup;
			children = (
			);
			path = Controller;
			sourceTree = "<group>";
		};
		1AF94E131B140CAD0052075B /* Extension */ = {
			isa = PBXGroup;
			children = (
				1AF94E141B140CAD0052075B /* NSDate+Extra.h */,
				1AF94E151B140CAD0052075B /* NSDate+Extra.m */,
				1AF94E161B140CAD0052075B /* NSObject+Extra.h */,
				1AF94E171B140CAD0052075B /* NSObject+Extra.m */,
				1AF94E181B140CAD0052075B /* NSString+Extra.h */,
				1AF94E191B140CAD0052075B /* NSString+Extra.m */,
				1AF94E1A1B140CAD0052075B /* UIBarButtonItem+Extra.h */,
				1AF94E1B1B140CAD0052075B /* UIBarButtonItem+Extra.m */,
				1AF94E1C1B140CAD0052075B /* UIButton+Extra.h */,
				1AF94E1D1B140CAD0052075B /* UIButton+Extra.m */,
				1AF94E1E1B140CAD0052075B /* UIColor+HexExtra.h */,
				1AF94E1F1B140CAD0052075B /* UIColor+HexExtra.m */,
				1AF94E201B140CAD0052075B /* UIControl+Extra.h */,
				1AF94E211B140CAD0052075B /* UIControl+Extra.m */,
				1AF94E221B140CAD0052075B /* UIFont+Extra.h */,
				1AF94E231B140CAD0052075B /* UIFont+Extra.m */,
				1AF94E241B140CAD0052075B /* UIImage+Extra.h */,
				1AF94E251B140CAD0052075B /* UIImage+Extra.m */,
				1AF94E261B140CAD0052075B /* UIImageView+Extra.h */,
				1AF94E271B140CAD0052075B /* UIImageView+Extra.m */,
				1AF94E281B140CAD0052075B /* UINavigationController+Extra.h */,
				1AF94E291B140CAD0052075B /* UINavigationController+Extra.m */,
				1AF94E2A1B140CAD0052075B /* UITabBarController+Extra.h */,
				1AF94E2B1B140CAD0052075B /* UITabBarController+Extra.m */,
				1AF94E2C1B140CAD0052075B /* UITextField+Extra.h */,
				1AF94E2D1B140CAD0052075B /* UITextField+Extra.m */,
				1AF94E2E1B140CAD0052075B /* UIView+Extra.h */,
				1AF94E2F1B140CAD0052075B /* UIView+Extra.m */,
				1AF94E301B140CAD0052075B /* UIViewController+Extra.h */,
				1AF94E311B140CAD0052075B /* UIViewController+Extra.m */,
				1AF94E321B140CAD0052075B /* UIWebView+Extra.h */,
				1AF94E331B140CAD0052075B /* UIWebView+Extra.m */,
				1AF94E341B140CAD0052075B /* YGExtra.h */,
			);
			path = Extension;
			sourceTree = "<group>";
		};
		1AF94E351B140CAD0052075B /* Library */ = {
			isa = PBXGroup;
			children = (
				1AF94E641B140CAD0052075B /* Network */,
				1AF94E361B140CAD0052075B /* Camera */,
				1AF94E471B140CAD0052075B /* Controller */,
				1AF94E521B140CAD0052075B /* Extension */,
				1AF94E571B140CAD0052075B /* Graphics */,
				1AF94E5A1B140CAD0052075B /* Manager */,
				1AF94E611B140CAD0052075B /* Muma.h */,
				1AF94E621B140CAD0052075B /* MumaDefault.bundle */,
				1AF94E631B140CAD0052075B /* MumaPrefix.h */,
			);
			path = Library;
			sourceTree = "<group>";
		};
		1AF94E361B140CAD0052075B /* Camera */ = {
			isa = PBXGroup;
			children = (
				1AF94E371B140CAD0052075B /* MACameraController.h */,
				1AF94E381B140CAD0052075B /* MACameraController.m */,
				1AF94E391B140CAD0052075B /* MACameraDecorateManager.h */,
				1AF94E3A1B140CAD0052075B /* MACameraDecorateManager.m */,
				1AF94E3B1B140CAD0052075B /* MACameraEncoder.h */,
				1AF94E3C1B140CAD0052075B /* MACameraEncoder.m */,
				1AF94E3D1B140CAD0052075B /* MACameraManager+AuthorizationExtra.h */,
				1AF94E3E1B140CAD0052075B /* MACameraManager+AuthorizationExtra.m */,
				1AF94E3F1B140CAD0052075B /* MACameraManager+FlashModeExtra.h */,
				1AF94E401B140CAD0052075B /* MACameraManager+FlashModeExtra.m */,
				1AF94E411B140CAD0052075B /* MACameraManager+FocusIntrestPointExtra.h */,
				1AF94E421B140CAD0052075B /* MACameraManager+FocusIntrestPointExtra.m */,
				1AF94E431B140CAD0052075B /* MACameraManager.h */,
				1AF94E441B140CAD0052075B /* MACameraManager.m */,
				1AF94E451B140CAD0052075B /* MACameraView.h */,
				1AF94E461B140CAD0052075B /* MACameraView.m */,
			);
			path = Camera;
			sourceTree = "<group>";
		};
		1AF94E471B140CAD0052075B /* Controller */ = {
			isa = PBXGroup;
			children = (
				1AF94E481B140CAD0052075B /* MADataSourceMaker.h */,
				1AF94E491B140CAD0052075B /* MADataSourceMaker.m */,
				1AF94E4A1B140CAD0052075B /* MAListViewController.h */,
				1AF94E4B1B140CAD0052075B /* MAListViewController.m */,
				1AF94E4C1B140CAD0052075B /* MANavigationController.h */,
				1AF94E4D1B140CAD0052075B /* MANavigationController.m */,
				1AF94E4E1B140CAD0052075B /* MATabbarController.h */,
				1AF94E4F1B140CAD0052075B /* MATabbarController.m */,
				1AF94E501B140CAD0052075B /* MAViewController.h */,
				1AF94E511B140CAD0052075B /* MAViewController.m */,
			);
			path = Controller;
			sourceTree = "<group>";
		};
		1AF94E521B140CAD0052075B /* Extension */ = {
			isa = PBXGroup;
			children = (
				1AF94E531B140CAD0052075B /* NSBundle+MAExtra.h */,
				1AF94E541B140CAD0052075B /* NSBundle+MAExtra.m */,
				1AF94E551B140CAD0052075B /* UIImage+MAExtra.h */,
				1AF94E561B140CAD0052075B /* UIImage+MAExtra.m */,
			);
			path = Extension;
			sourceTree = "<group>";
		};
		1AF94E571B140CAD0052075B /* Graphics */ = {
			isa = PBXGroup;
			children = (
				1AF94E581B140CAD0052075B /* MAStrokedLine.h */,
				1AF94E591B140CAD0052075B /* MAStrokedLine.m */,
			);
			path = Graphics;
			sourceTree = "<group>";
		};
		1AF94E5A1B140CAD0052075B /* Manager */ = {
			isa = PBXGroup;
			children = (
				1AF94E5B1B140CAD0052075B /* MABundleManager.h */,
				1AF94E5C1B140CAD0052075B /* MABundleManager.m */,
				1AF94E5D1B140CAD0052075B /* MAColorManager.h */,
				1AF94E5E1B140CAD0052075B /* MAColorManager.m */,
				1AF94E5F1B140CAD0052075B /* MAZonesManager.h */,
				1AF94E601B140CAD0052075B /* MAZonesManager.m */,
				1ADDD4181B15B23300BF421A /* MAFileManager.h */,
				1ADDD4191B15B23300BF421A /* MAFileManager.m */,
			);
			path = Manager;
			sourceTree = "<group>";
		};
		1AF94E641B140CAD0052075B /* Network */ = {
			isa = PBXGroup;
			children = (
				1AF94E651B140CAD0052075B /* MAError.h */,
				1AF94E661B140CAD0052075B /* MAError.m */,
				1AF94E671B140CAD0052075B /* MAHttpClient.h */,
				1AF94E681B140CAD0052075B /* MAHttpClient.m */,
				1AF94E691B140CAD0052075B /* MAModel.h */,
				1AF94E6A1B140CAD0052075B /* MAModel.m */,
				1AF94E6B1B140CAD0052075B /* MAObject.h */,
				1AF94E6C1B140CAD0052075B /* MAObject.m */,
				1AF94E6D1B140CAD0052075B /* MAPrestoClient.h */,
				1AF94E6E1B140CAD0052075B /* MAPrestoClient.m */,
				1A5E99861B141D3800D2FA74 /* NSDictionary+MAPrestoClient.h */,
				1A5E99871B141D3800D2FA74 /* NSDictionary+MAPrestoClient.m */,
				1A334CDA1B1DAABF009E766A /* MAErrorCodeManager.h */,
				1A334CDB1B1DAABF009E766A /* MAErrorCodeManager.m */,
			);
			path = Network;
			sourceTree = "<group>";
		};
		1AF94E6F1B140CAD0052075B /* Model */ = {
			isa = PBXGroup;
			children = (
				1ADDD4241B18463200BF421A /* SJMExampleModel.h */,
				1ADDD4251B18463200BF421A /* SJMExampleModel.m */,
				1ADDD4271B1848DA00BF421A /* SJMExampleUserModel.h */,
				1ADDD4281B1848DA00BF421A /* SJMExampleUserModel.m */,
			);
			path = Model;
			sourceTree = "<group>";
		};
		1AF94E701B140CAD0052075B /* Resources */ = {
			isa = PBXGroup;
			children = (
			);
			path = Resources;
			sourceTree = "<group>";
		};
		1AF94E711B140CAD0052075B /* View */ = {
			isa = PBXGroup;
			children = (
			);
			path = View;
			sourceTree = "<group>";
		};
		321EC6481B1C304F00071FA0 /* Chche */ = {
			isa = PBXGroup;
			children = (
				321EC6491B1C309F00071FA0 /* SJMChche.h */,
				321EC64A1B1C309F00071FA0 /* SJMChche.m */,
				321EC64F1B1C3D1800071FA0 /* SJMChcheManager.h */,
				321EC6501B1C3D1800071FA0 /* SJMChcheManager.m */,
			);
			path = Chche;
			sourceTree = "<group>";
		};
		32D38FC41B14462600962436 /* SJMExtension */ = {
			isa = PBXGroup;
			children = (
				32D38FC51B14463A00962436 /* Network */,
				32D38FC91B144B6700962436 /* SJMExtension.h */,
			);
			name = SJMExtension;
			sourceTree = "<group>";
		};
		32D38FC51B14463A00962436 /* Network */ = {
			isa = PBXGroup;
			children = (
				32D38FC61B1446D400962436 /* MAPrestoClient+Account.h */,
				32D38FC71B1446D400962436 /* MAPrestoClient+Account.m */,
				32D38FCD1B145EAD00962436 /* MAPrestoClient+Trade.h */,
				32D38FCE1B145EAD00962436 /* MAPrestoClient+Trade.m */,
				32D38FD01B1462EE00962436 /* MAPrestoClient+School.h */,
				32D38FD11B1462EE00962436 /* MAPrestoClient+School.m */,
				32D38FD31B146C1400962436 /* MAPrestoClient+Bank.h */,
				32D38FD41B146C1400962436 /* MAPrestoClient+Bank.m */,
				32D38FD61B14722E00962436 /* MAPrestoClient+Bill.h */,
				32D38FD71B14722E00962436 /* MAPrestoClient+Bill.m */,
				32D38FD91B1475E000962436 /* MAPrestoClient+Shop.h */,
				32D38FDA1B1475E000962436 /* MAPrestoClient+Shop.m */,
				32D38FDF1B147ED500962436 /* MAPrestoClient+Chat.h */,
				32D38FE01B147ED500962436 /* MAPrestoClient+Chat.m */,
				321EC64C1B1C381800071FA0 /* MAPrestoClient+SChche.h */,
				321EC64D1B1C381800071FA0 /* MAPrestoClient+SChche.m */,
			);
			name = Network;
			sourceTree = "<group>";
		};
		8240551F289CA65AD95162E8 /* Pods */ = {
			isa = PBXGroup;
			children = (
				D0D0F3BC9AEFE0A74D9C1AE3 /* Pods-SongJiangMember.debug.xcconfig */,
				1BAE6E8194B67F251F716D39 /* Pods-SongJiangMember.release.xcconfig */,
			);
			name = Pods;
			sourceTree = "<group>";
		};
		961B0778DE23368E83A1D177 /* Frameworks */ = {
			isa = PBXGroup;
			children = (
				80D0E794A3A8FACF869DFF05 /* libPods-SongJiangMember.a */,
			);
			name = Frameworks;
			sourceTree = "<group>";
		};
/* End PBXGroup section */

/* Begin PBXNativeTarget section */
		1A0692991B12BD0700BB583C /* SongJiangMember */ = {
			isa = PBXNativeTarget;
			buildConfigurationList = 1A0692BD1B12BD0700BB583C /* Build configuration list for PBXNativeTarget "SongJiangMember" */;
			buildPhases = (
				F9B245F85E273C689510B23C /* Check Pods Manifest.lock */,
				1A0692961B12BD0700BB583C /* Sources */,
				1A0692971B12BD0700BB583C /* Frameworks */,
				1A0692981B12BD0700BB583C /* Resources */,
				E2A264A13FD2AFBD9490AADA /* Copy Pods Resources */,
			);
			buildRules = (
			);
			dependencies = (
			);
			name = SongJiangMember;
			productName = SongJiangMember;
			productReference = 1A06929A1B12BD0700BB583C /* SongJiangMember.app */;
			productType = "com.apple.product-type.application";
		};
		1A0692B21B12BD0700BB583C /* SongJiangMemberTests */ = {
			isa = PBXNativeTarget;
			buildConfigurationList = 1A0692C01B12BD0700BB583C /* Build configuration list for PBXNativeTarget "SongJiangMemberTests" */;
			buildPhases = (
				1A0692AF1B12BD0700BB583C /* Sources */,
				1A0692B01B12BD0700BB583C /* Frameworks */,
				1A0692B11B12BD0700BB583C /* Resources */,
			);
			buildRules = (
			);
			dependencies = (
				1A0692B51B12BD0700BB583C /* PBXTargetDependency */,
			);
			name = SongJiangMemberTests;
			productName = SongJiangMemberTests;
			productReference = 1A0692B31B12BD0700BB583C /* SongJiangMemberTests.xctest */;
			productType = "com.apple.product-type.bundle.unit-test";
		};
/* End PBXNativeTarget section */

/* Begin PBXProject section */
		1A0692921B12BD0700BB583C /* Project object */ = {
			isa = PBXProject;
			attributes = {
				CLASSPREFIX = SJM;
				LastUpgradeCheck = 0620;
				ORGANIZATIONNAME = SongJiang;
				TargetAttributes = {
					1A0692991B12BD0700BB583C = {
						CreatedOnToolsVersion = 6.2;
					};
					1A0692B21B12BD0700BB583C = {
						CreatedOnToolsVersion = 6.2;
						TestTargetID = 1A0692991B12BD0700BB583C;
					};
				};
			};
			buildConfigurationList = 1A0692951B12BD0700BB583C /* Build configuration list for PBXProject "SongJiangMember" */;
			compatibilityVersion = "Xcode 3.2";
			developmentRegion = English;
			hasScannedForEncodings = 0;
			knownRegions = (
				en,
				Base,
			);
			mainGroup = 1A0692911B12BD0700BB583C;
			productRefGroup = 1A06929B1B12BD0700BB583C /* Products */;
			projectDirPath = "";
			projectRoot = "";
			targets = (
				1A0692991B12BD0700BB583C /* SongJiangMember */,
				1A0692B21B12BD0700BB583C /* SongJiangMemberTests */,
			);
		};
/* End PBXProject section */

/* Begin PBXResourcesBuildPhase section */
		1A0692981B12BD0700BB583C /* Resources */ = {
			isa = PBXResourcesBuildPhase;
			buildActionMask = 2147483647;
			files = (
				1A0692AB1B12BD0700BB583C /* Images.xcassets in Resources */,
				1AF94E951B140CAD0052075B /* MumaDefault.bundle in Resources */,
			);
			runOnlyForDeploymentPostprocessing = 0;
		};
		1A0692B11B12BD0700BB583C /* Resources */ = {
			isa = PBXResourcesBuildPhase;
			buildActionMask = 2147483647;
			files = (
			);
			runOnlyForDeploymentPostprocessing = 0;
		};
/* End PBXResourcesBuildPhase section */

/* Begin PBXShellScriptBuildPhase section */
		E2A264A13FD2AFBD9490AADA /* Copy Pods Resources */ = {
			isa = PBXShellScriptBuildPhase;
			buildActionMask = 2147483647;
			files = (
			);
			inputPaths = (
			);
			name = "Copy Pods Resources";
			outputPaths = (
			);
			runOnlyForDeploymentPostprocessing = 0;
			shellPath = /bin/sh;
			shellScript = "\"${SRCROOT}/Pods/Target Support Files/Pods-SongJiangMember/Pods-SongJiangMember-resources.sh\"\n";
			showEnvVarsInLog = 0;
		};
		F9B245F85E273C689510B23C /* Check Pods Manifest.lock */ = {
			isa = PBXShellScriptBuildPhase;
			buildActionMask = 2147483647;
			files = (
			);
			inputPaths = (
			);
			name = "Check Pods Manifest.lock";
			outputPaths = (
			);
			runOnlyForDeploymentPostprocessing = 0;
			shellPath = /bin/sh;
			shellScript = "diff \"${PODS_ROOT}/../Podfile.lock\" \"${PODS_ROOT}/Manifest.lock\" > /dev/null\nif [[ $? != 0 ]] ; then\n    cat << EOM\nerror: The sandbox is not in sync with the Podfile.lock. Run 'pod install' or update your CocoaPods installation.\nEOM\n    exit 1\nfi\n";
			showEnvVarsInLog = 0;
		};
/* End PBXShellScriptBuildPhase section */

/* Begin PBXSourcesBuildPhase section */
		1A0692961B12BD0700BB583C /* Sources */ = {
			isa = PBXSourcesBuildPhase;
			buildActionMask = 2147483647;
			files = (
				1A5E99881B141D3800D2FA74 /* NSDictionary+MAPrestoClient.m in Sources */,
				1AF94E991B140CAD0052075B /* MAObject.m in Sources */,
				1AF94E881B140CAD0052075B /* MACameraManager.m in Sources */,
				1AF94E7C1B140CAD0052075B /* UINavigationController+Extra.m in Sources */,
				1AF94E751B140CAD0052075B /* UIBarButtonItem+Extra.m in Sources */,
				1A5E99951B14520C00D2FA74 /* SJMAppLauncher+Launch.m in Sources */,
				1AF94E981B140CAD0052075B /* MAModel.m in Sources */,
				1A0692A61B12BD0700BB583C /* ViewController.m in Sources */,
				1AF94E901B140CAD0052075B /* UIImage+MAExtra.m in Sources */,
				1AF94E961B140CAD0052075B /* MAError.m in Sources */,
				1ADDD41A1B15B23300BF421A /* MAFileManager.m in Sources */,
				1AF94E811B140CAD0052075B /* UIWebView+Extra.m in Sources */,
				1A5E99921B1451C600D2FA74 /* SJMAppLauncher+Dispatch.m in Sources */,
				32D38FC81B1446D400962436 /* MAPrestoClient+Account.m in Sources */,
				1AF94E851B140CAD0052075B /* MACameraManager+AuthorizationExtra.m in Sources */,
				1AF94E921B140CAD0052075B /* MABundleManager.m in Sources */,
				321EC64B1B1C309F00071FA0 /* SJMChche.m in Sources */,
				32D38FD81B14722E00962436 /* MAPrestoClient+Bill.m in Sources */,
				1AF94E801B140CAD0052075B /* UIViewController+Extra.m in Sources */,
				1A334CDC1B1DAABF009E766A /* MAErrorCodeManager.m in Sources */,
				1AF94E8D1B140CAD0052075B /* MATabbarController.m in Sources */,
				321EC6511B1C3D1800071FA0 /* SJMChcheManager.m in Sources */,
				1AF94E7A1B140CAD0052075B /* UIImage+Extra.m in Sources */,
				1AF94E7E1B140CAD0052075B /* UITextField+Extra.m in Sources */,
				1AF94E7D1B140CAD0052075B /* UITabBarController+Extra.m in Sources */,
				1AF94E971B140CAD0052075B /* MAHttpClient.m in Sources */,
				1A0692A31B12BD0700BB583C /* SJMAppDelegate.m in Sources */,
				1AF94E8A1B140CAD0052075B /* MADataSourceMaker.m in Sources */,
				1A0692A01B12BD0700BB583C /* main.m in Sources */,
				1AF94E911B140CAD0052075B /* MAStrokedLine.m in Sources */,
				1AF94E871B140CAD0052075B /* MACameraManager+FocusIntrestPointExtra.m in Sources */,
				1AF94E821B140CAD0052075B /* MACameraController.m in Sources */,
				1AF94E8F1B140CAD0052075B /* NSBundle+MAExtra.m in Sources */,
				321EC64E1B1C381800071FA0 /* MAPrestoClient+SChche.m in Sources */,
				32D38FDB1B1475E000962436 /* MAPrestoClient+Shop.m in Sources */,
				1AF94E791B140CAD0052075B /* UIFont+Extra.m in Sources */,
				1AF94E941B140CAD0052075B /* MAZonesManager.m in Sources */,
				32D38FD21B1462EE00962436 /* MAPrestoClient+School.m in Sources */,
				1AF94E891B140CAD0052075B /* MACameraView.m in Sources */,
				1ADDD4261B18463200BF421A /* SJMExampleModel.m in Sources */,
				1AF94E8C1B140CAD0052075B /* MANavigationController.m in Sources */,
				1AF94E9A1B140CAD0052075B /* MAPrestoClient.m in Sources */,
				1AF94E761B140CAD0052075B /* UIButton+Extra.m in Sources */,
				32D38FD51B146C1400962436 /* MAPrestoClient+Bank.m in Sources */,
				1AF94E721B140CAD0052075B /* NSDate+Extra.m in Sources */,
				1ADDD4291B1848DA00BF421A /* SJMExampleUserModel.m in Sources */,
				1AF94E7F1B140CAD0052075B /* UIView+Extra.m in Sources */,
				1AF94E8B1B140CAD0052075B /* MAListViewController.m in Sources */,
				1AF94E741B140CAD0052075B /* NSString+Extra.m in Sources */,
				32D38FCF1B145EAD00962436 /* MAPrestoClient+Trade.m in Sources */,
				1AF94E931B140CAD0052075B /* MAColorManager.m in Sources */,
				1A5E998F1B14511B00D2FA74 /* SJMAppLauncher.m in Sources */,
				32D38FE11B147ED500962436 /* MAPrestoClient+Chat.m in Sources */,
				1AF94E771B140CAD0052075B /* UIColor+HexExtra.m in Sources */,
				1AF94E841B140CAD0052075B /* MACameraEncoder.m in Sources */,
				1AF94E8E1B140CAD0052075B /* MAViewController.m in Sources */,
				1AF94E7B1B140CAD0052075B /* UIImageView+Extra.m in Sources */,
				1AF94E781B140CAD0052075B /* UIControl+Extra.m in Sources */,
				1AF94E831B140CAD0052075B /* MACameraDecorateManager.m in Sources */,
				1AF94E861B140CAD0052075B /* MACameraManager+FlashModeExtra.m in Sources */,
				1AF94E731B140CAD0052075B /* NSObject+Extra.m in Sources */,
			);
			runOnlyForDeploymentPostprocessing = 0;
		};
		1A0692AF1B12BD0700BB583C /* Sources */ = {
			isa = PBXSourcesBuildPhase;
			buildActionMask = 2147483647;
			files = (
				1A0692BA1B12BD0700BB583C /* SongJiangMemberTests.m in Sources */,
			);
			runOnlyForDeploymentPostprocessing = 0;
		};
/* End PBXSourcesBuildPhase section */

/* Begin PBXTargetDependency section */
		1A0692B51B12BD0700BB583C /* PBXTargetDependency */ = {
			isa = PBXTargetDependency;
			target = 1A0692991B12BD0700BB583C /* SongJiangMember */;
			targetProxy = 1A0692B41B12BD0700BB583C /* PBXContainerItemProxy */;
		};
/* End PBXTargetDependency section */

/* Begin XCBuildConfiguration section */
		1A0692BB1B12BD0700BB583C /* Debug */ = {
			isa = XCBuildConfiguration;
			buildSettings = {
				ALWAYS_SEARCH_USER_PATHS = NO;
				CLANG_CXX_LANGUAGE_STANDARD = "gnu++0x";
				CLANG_CXX_LIBRARY = "libc++";
				CLANG_ENABLE_MODULES = YES;
				CLANG_ENABLE_OBJC_ARC = YES;
				CLANG_WARN_BOOL_CONVERSION = YES;
				CLANG_WARN_CONSTANT_CONVERSION = YES;
				CLANG_WARN_DIRECT_OBJC_ISA_USAGE = YES_ERROR;
				CLANG_WARN_EMPTY_BODY = YES;
				CLANG_WARN_ENUM_CONVERSION = YES;
				CLANG_WARN_INT_CONVERSION = YES;
				CLANG_WARN_OBJC_ROOT_CLASS = YES_ERROR;
				CLANG_WARN_UNREACHABLE_CODE = YES;
				CLANG_WARN__DUPLICATE_METHOD_MATCH = YES;
				CODE_SIGN_IDENTITY = "iPhone Distribution: Song Jiang (Beijing) Mdt InfoTech Co., Ltd.";
				"CODE_SIGN_IDENTITY[sdk=iphoneos*]" = "iPhone Distribution: Song Jiang (Beijing) Mdt InfoTech Co., Ltd.";
				COPY_PHASE_STRIP = NO;
				ENABLE_STRICT_OBJC_MSGSEND = YES;
				GCC_C_LANGUAGE_STANDARD = gnu99;
				GCC_DYNAMIC_NO_PIC = NO;
				GCC_OPTIMIZATION_LEVEL = 0;
				GCC_PREFIX_HEADER = "";
				GCC_PREPROCESSOR_DEFINITIONS = (
					"DEBUG=1",
					"$(inherited)",
				);
				GCC_SYMBOLS_PRIVATE_EXTERN = NO;
				GCC_WARN_64_TO_32_BIT_CONVERSION = YES;
				GCC_WARN_ABOUT_RETURN_TYPE = YES_ERROR;
				GCC_WARN_UNDECLARED_SELECTOR = YES;
				GCC_WARN_UNINITIALIZED_AUTOS = YES_AGGRESSIVE;
				GCC_WARN_UNUSED_FUNCTION = YES;
				GCC_WARN_UNUSED_VARIABLE = YES;
				IPHONEOS_DEPLOYMENT_TARGET = 8.2;
				MTL_ENABLE_DEBUG_INFO = YES;
				ONLY_ACTIVE_ARCH = YES;
				PROVISIONING_PROFILE = "fec9b6db-330f-426f-a833-42b92cf02039";
				SDKROOT = iphoneos;
			};
			name = Debug;
		};
		1A0692BC1B12BD0700BB583C /* Release */ = {
			isa = XCBuildConfiguration;
			buildSettings = {
				ALWAYS_SEARCH_USER_PATHS = NO;
				CLANG_CXX_LANGUAGE_STANDARD = "gnu++0x";
				CLANG_CXX_LIBRARY = "libc++";
				CLANG_ENABLE_MODULES = YES;
				CLANG_ENABLE_OBJC_ARC = YES;
				CLANG_WARN_BOOL_CONVERSION = YES;
				CLANG_WARN_CONSTANT_CONVERSION = YES;
				CLANG_WARN_DIRECT_OBJC_ISA_USAGE = YES_ERROR;
				CLANG_WARN_EMPTY_BODY = YES;
				CLANG_WARN_ENUM_CONVERSION = YES;
				CLANG_WARN_INT_CONVERSION = YES;
				CLANG_WARN_OBJC_ROOT_CLASS = YES_ERROR;
				CLANG_WARN_UNREACHABLE_CODE = YES;
				CLANG_WARN__DUPLICATE_METHOD_MATCH = YES;
				CODE_SIGN_IDENTITY = "iPhone Distribution: Song Jiang (Beijing) Mdt InfoTech Co., Ltd.";
				"CODE_SIGN_IDENTITY[sdk=iphoneos*]" = "iPhone Distribution: Song Jiang (Beijing) Mdt InfoTech Co., Ltd.";
				COPY_PHASE_STRIP = NO;
				ENABLE_NS_ASSERTIONS = NO;
				ENABLE_STRICT_OBJC_MSGSEND = YES;
				GCC_C_LANGUAGE_STANDARD = gnu99;
				GCC_PREFIX_HEADER = "";
				GCC_WARN_64_TO_32_BIT_CONVERSION = YES;
				GCC_WARN_ABOUT_RETURN_TYPE = YES_ERROR;
				GCC_WARN_UNDECLARED_SELECTOR = YES;
				GCC_WARN_UNINITIALIZED_AUTOS = YES_AGGRESSIVE;
				GCC_WARN_UNUSED_FUNCTION = YES;
				GCC_WARN_UNUSED_VARIABLE = YES;
				IPHONEOS_DEPLOYMENT_TARGET = 8.2;
				MTL_ENABLE_DEBUG_INFO = NO;
				PROVISIONING_PROFILE = "fec9b6db-330f-426f-a833-42b92cf02039";
				SDKROOT = iphoneos;
				VALIDATE_PRODUCT = YES;
			};
			name = Release;
		};
		1A0692BE1B12BD0700BB583C /* Debug */ = {
			isa = XCBuildConfiguration;
			baseConfigurationReference = D0D0F3BC9AEFE0A74D9C1AE3 /* Pods-SongJiangMember.debug.xcconfig */;
			buildSettings = {
				ASSETCATALOG_COMPILER_APPICON_NAME = AppIcon;
				ASSETCATALOG_COMPILER_LAUNCHIMAGE_NAME = LaunchImage;
				CODE_SIGN_IDENTITY = "iPhone Distribution: Song Jiang (Beijing) Mdt InfoTech Co., Ltd.";
				GCC_PRECOMPILE_PREFIX_HEADER = YES;
				GCC_PREFIX_HEADER = "$(SRCROOT)/SongJiangMember/SJMPrefixHeader.pch";
				INFOPLIST_FILE = SongJiangMember/Info.plist;
				LD_RUNPATH_SEARCH_PATHS = "$(inherited) @executable_path/Frameworks";
				PRODUCT_NAME = "$(TARGET_NAME)";
				PROVISIONING_PROFILE = "fec9b6db-330f-426f-a833-42b92cf02039";
			};
			name = Debug;
		};
		1A0692BF1B12BD0700BB583C /* Release */ = {
			isa = XCBuildConfiguration;
			baseConfigurationReference = 1BAE6E8194B67F251F716D39 /* Pods-SongJiangMember.release.xcconfig */;
			buildSettings = {
				ASSETCATALOG_COMPILER_APPICON_NAME = AppIcon;
				ASSETCATALOG_COMPILER_LAUNCHIMAGE_NAME = LaunchImage;
				CODE_SIGN_IDENTITY = "iPhone Distribution: Song Jiang (Beijing) Mdt InfoTech Co., Ltd.";
				GCC_PRECOMPILE_PREFIX_HEADER = YES;
				GCC_PREFIX_HEADER = "$(SRCROOT)/SongJiangMember/SJMPrefixHeader.pch";
				INFOPLIST_FILE = SongJiangMember/Info.plist;
				LD_RUNPATH_SEARCH_PATHS = "$(inherited) @executable_path/Frameworks";
				PRODUCT_NAME = "$(TARGET_NAME)";
				PROVISIONING_PROFILE = "fec9b6db-330f-426f-a833-42b92cf02039";
			};
			name = Release;
		};
		1A0692C11B12BD0700BB583C /* Debug */ = {
			isa = XCBuildConfiguration;
			buildSettings = {
				BUNDLE_LOADER = "$(TEST_HOST)";
				FRAMEWORK_SEARCH_PATHS = (
					"$(SDKROOT)/Developer/Library/Frameworks",
					"$(inherited)",
				);
				GCC_PREPROCESSOR_DEFINITIONS = (
					"DEBUG=1",
					"$(inherited)",
				);
				INFOPLIST_FILE = SongJiangMemberTests/Info.plist;
				LD_RUNPATH_SEARCH_PATHS = "$(inherited) @executable_path/Frameworks @loader_path/Frameworks";
				PRODUCT_NAME = "$(TARGET_NAME)";
				PROVISIONING_PROFILE = "fec9b6db-330f-426f-a833-42b92cf02039";
				TEST_HOST = "$(BUILT_PRODUCTS_DIR)/SongJiangMember.app/SongJiangMember";
			};
			name = Debug;
		};
		1A0692C21B12BD0700BB583C /* Release */ = {
			isa = XCBuildConfiguration;
			buildSettings = {
				BUNDLE_LOADER = "$(TEST_HOST)";
				FRAMEWORK_SEARCH_PATHS = (
					"$(SDKROOT)/Developer/Library/Frameworks",
					"$(inherited)",
				);
				INFOPLIST_FILE = SongJiangMemberTests/Info.plist;
				LD_RUNPATH_SEARCH_PATHS = "$(inherited) @executable_path/Frameworks @loader_path/Frameworks";
				PRODUCT_NAME = "$(TARGET_NAME)";
				PROVISIONING_PROFILE = "fec9b6db-330f-426f-a833-42b92cf02039";
				TEST_HOST = "$(BUILT_PRODUCTS_DIR)/SongJiangMember.app/SongJiangMember";
			};
			name = Release;
		};
/* End XCBuildConfiguration section */

/* Begin XCConfigurationList section */
		1A0692951B12BD0700BB583C /* Build configuration list for PBXProject "SongJiangMember" */ = {
			isa = XCConfigurationList;
			buildConfigurations = (
				1A0692BB1B12BD0700BB583C /* Debug */,
				1A0692BC1B12BD0700BB583C /* Release */,
			);
			defaultConfigurationIsVisible = 0;
			defaultConfigurationName = Release;
		};
		1A0692BD1B12BD0700BB583C /* Build configuration list for PBXNativeTarget "SongJiangMember" */ = {
			isa = XCConfigurationList;
			buildConfigurations = (
				1A0692BE1B12BD0700BB583C /* Debug */,
				1A0692BF1B12BD0700BB583C /* Release */,
			);
			defaultConfigurationIsVisible = 0;
			defaultConfigurationName = Release;
		};
		1A0692C01B12BD0700BB583C /* Build configuration list for PBXNativeTarget "SongJiangMemberTests" */ = {
			isa = XCConfigurationList;
			buildConfigurations = (
				1A0692C11B12BD0700BB583C /* Debug */,
				1A0692C21B12BD0700BB583C /* Release */,
			);
			defaultConfigurationIsVisible = 0;
			defaultConfigurationName = Release;
		};
/* End XCConfigurationList section */
	};
	rootObject = 1A0692921B12BD0700BB583C /* Project object */;
}
